
Microsoft Visual Studio Solution File, Format Version 12.00
# Visual Studio Version 17
VisualStudioVersion = 17.11.35327.3
MinimumVisualStudioVersion = 10.0.40219.1
Project("{FAE04EC0-301F-11D3-BF4B-00C04F79EFBC}") = "TaskManagerAPI", "TaskManagerAPI\TaskManagerAPI.csproj", "{251B2FA8-B7DC-4DC4-AFC2-71A076E804DF}"
EndProject
Global
	GlobalSection(SolutionConfigurationPlatforms) = preSolution
		Debug|Any CPU = Debug|Any CPU
		Release|Any CPU = Release|Any CPU
	EndGlobalSection
	GlobalSection(ProjectConfigurationPlatforms) = postSolution
		{251B2FA8-B7DC-4DC4-AFC2-71A076E804DF}.Debug|Any CPU.ActiveCfg = Debug|Any CPU
		{251B2FA8-B7DC-4DC4-AFC2-71A076E804DF}.Debug|Any CPU.Build.0 = Debug|Any CPU
		{251B2FA8-B7DC-4DC4-AFC2-71A076E804DF}.Release|Any CPU.ActiveCfg = Release|Any CPU
		{251B2FA8-B7DC-4DC4-AFC2-71A076E804DF}.Release|Any CPU.Build.0 = Release|Any CPU
	EndGlobalSection
	GlobalSection(SolutionProperties) = preSolution
		HideSolutionNode = FALSE
	EndGlobalSection
	GlobalSection(ExtensibilityGlobals) = postSolution
		SolutionGuid = {CC6EE291-13F0-48C7-8D9F-34A0DDF9F934}
	EndGlobalSection
EndGlobal
